// !$*UTF8*$!
{
	archiveVersion = 1;
	classes = {
	};
	objectVersion = 48;
	objects = {

/* Begin PBXBuildFile section */
		C491F11F200F12FC006F2914 /* AppDelegate.swift in Sources */ = {isa = PBXBuildFile; fileRef = C491F11E200F12FC006F2914 /* AppDelegate.swift */; };
		C491F121200F12FC006F2914 /* ViewController.swift in Sources */ = {isa = PBXBuildFile; fileRef = C491F120200F12FC006F2914 /* ViewController.swift */; };
		C491F124200F12FC006F2914 /* Main.storyboard in Resources */ = {isa = PBXBuildFile; fileRef = C491F122200F12FC006F2914 /* Main.storyboard */; };
		C491F126200F12FC006F2914 /* Assets.xcassets in Resources */ = {isa = PBXBuildFile; fileRef = C491F125200F12FC006F2914 /* Assets.xcassets */; };
		C491F129200F12FC006F2914 /* LaunchScreen.storyboard in Resources */ = {isa = PBXBuildFile; fileRef = C491F127200F12FC006F2914 /* LaunchScreen.storyboard */; };
		C491F134200F12FC006F2914 /* NESWTests.swift in Sources */ = {isa = PBXBuildFile; fileRef = C491F133200F12FC006F2914 /* NESWTests.swift */; };
		C491F13F200F12FC006F2914 /* NESWUITests.swift in Sources */ = {isa = PBXBuildFile; fileRef = C491F13E200F12FC006F2914 /* NESWUITests.swift */; };
/* End PBXBuildFile section */

/* Begin PBXContainerItemProxy section */
		C491F130200F12FC006F2914 /* PBXContainerItemProxy */ = {
			isa = PBXContainerItemProxy;
			containerPortal = C491F113200F12FC006F2914 /* Project object */;
			proxyType = 1;
			remoteGlobalIDString = C491F11A200F12FC006F2914;
			remoteInfo = NESW;
		};
		C491F13B200F12FC006F2914 /* PBXContainerItemProxy */ = {
			isa = PBXContainerItemProxy;
			containerPortal = C491F113200F12FC006F2914 /* Project object */;
			proxyType = 1;
			remoteGlobalIDString = C491F11A200F12FC006F2914;
			remoteInfo = NESW;
		};
/* End PBXContainerItemProxy section */

/* Begin PBXFileReference section */
		C491F11B200F12FC006F2914 /* NESW.app */ = {isa = PBXFileReference; explicitFileType = wrapper.application; includeInIndex = 0; path = NESW.app; sourceTree = BUILT_PRODUCTS_DIR; };
		C491F11E200F12FC006F2914 /* AppDelegate.swift */ = {isa = PBXFileReference; lastKnownFileType = sourcecode.swift; path = AppDelegate.swift; sourceTree = "<group>"; };
		C491F120200F12FC006F2914 /* ViewController.swift */ = {isa = PBXFileReference; lastKnownFileType = sourcecode.swift; path = ViewController.swift; sourceTree = "<group>"; };
		C491F123200F12FC006F2914 /* Base */ = {isa = PBXFileReference; lastKnownFileType = file.storyboard; name = Base; path = Base.lproj/Main.storyboard; sourceTree = "<group>"; };
		C491F125200F12FC006F2914 /* Assets.xcassets */ = {isa = PBXFileReference; lastKnownFileType = folder.assetcatalog; path = Assets.xcassets; sourceTree = "<group>"; };
		C491F128200F12FC006F2914 /* Base */ = {isa = PBXFileReference; lastKnownFileType = file.storyboard; name = Base; path = Base.lproj/LaunchScreen.storyboard; sourceTree = "<group>"; };
		C491F12A200F12FC006F2914 /* Info.plist */ = {isa = PBXFileReference; lastKnownFileType = text.plist.xml; path = Info.plist; sourceTree = "<group>"; };
		C491F12F200F12FC006F2914 /* NESWTests.xctest */ = {isa = PBXFileReference; explicitFileType = wrapper.cfbundle; includeInIndex = 0; path = NESWTests.xctest; sourceTree = BUILT_PRODUCTS_DIR; };
		C491F133200F12FC006F2914 /* NESWTests.swift */ = {isa = PBXFileReference; lastKnownFileType = sourcecode.swift; path = NESWTests.swift; sourceTree = "<group>"; };
		C491F135200F12FC006F2914 /* Info.plist */ = {isa = PBXFileReference; lastKnownFileType = text.plist.xml; path = Info.plist; sourceTree = "<group>"; };
		C491F13A200F12FC006F2914 /* NESWUITests.xctest */ = {isa = PBXFileReference; explicitFileType = wrapper.cfbundle; includeInIndex = 0; path = NESWUITests.xctest; sourceTree = BUILT_PRODUCTS_DIR; };
		C491F13E200F12FC006F2914 /* NESWUITests.swift */ = {isa = PBXFileReference; lastKnownFileType = sourcecode.swift; path = NESWUITests.swift; sourceTree = "<group>"; };
		C491F140200F12FC006F2914 /* Info.plist */ = {isa = PBXFileReference; lastKnownFileType = text.plist.xml; path = Info.plist; sourceTree = "<group>"; };
/* End PBXFileReference section */

/* Begin PBXFrameworksBuildPhase section */
		C491F118200F12FC006F2914 /* Frameworks */ = {
			isa = PBXFrameworksBuildPhase;
			buildActionMask = 2147483647;
			files = (
			);
			runOnlyForDeploymentPostprocessing = 0;
		};
		C491F12C200F12FC006F2914 /* Frameworks */ = {
			isa = PBXFrameworksBuildPhase;
			buildActionMask = 2147483647;
			files = (
			);
			runOnlyForDeploymentPostprocessing = 0;
		};
		C491F137200F12FC006F2914 /* Frameworks */ = {
			isa = PBXFrameworksBuildPhase;
			buildActionMask = 2147483647;
			files = (
			);
			runOnlyForDeploymentPostprocessing = 0;
		};
/* End PBXFrameworksBuildPhase section */

/* Begin PBXGroup section */
		C491F112200F12FC006F2914 = {
			isa = PBXGroup;
			children = (
				C491F11D200F12FC006F2914 /* NESW */,
				C491F132200F12FC006F2914 /* NESWTests */,
				C491F13D200F12FC006F2914 /* NESWUITests */,
				C491F11C200F12FC006F2914 /* Products */,
			);
			sourceTree = "<group>";
		};
		C491F11C200F12FC006F2914 /* Products */ = {
			isa = PBXGroup;
			children = (
				C491F11B200F12FC006F2914 /* NESW.app */,
				C491F12F200F12FC006F2914 /* NESWTests.xctest */,
				C491F13A200F12FC006F2914 /* NESWUITests.xctest */,
			);
			name = Products;
			sourceTree = "<group>";
		};
		C491F11D200F12FC006F2914 /* NESW */ = {
			isa = PBXGroup;
			children = (
				C491F11E200F12FC006F2914 /* AppDelegate.swift */,
				C491F120200F12FC006F2914 /* ViewController.swift */,
				C491F122200F12FC006F2914 /* Main.storyboard */,
				C491F125200F12FC006F2914 /* Assets.xcassets */,
				C491F127200F12FC006F2914 /* LaunchScreen.storyboard */,
				C491F12A200F12FC006F2914 /* Info.plist */,
			);
			path = NESW;
			sourceTree = "<group>";
		};
		C491F132200F12FC006F2914 /* NESWTests */ = {
			isa = PBXGroup;
			children = (
				C491F133200F12FC006F2914 /* NESWTests.swift */,
				C491F135200F12FC006F2914 /* Info.plist */,
			);
			path = NESWTests;
			sourceTree = "<group>";
		};
		C491F13D200F12FC006F2914 /* NESWUITests */ = {
			isa = PBXGroup;
			children = (
				C491F13E200F12FC006F2914 /* NESWUITests.swift */,
				C491F140200F12FC006F2914 /* Info.plist */,
			);
			path = NESWUITests;
			sourceTree = "<group>";
		};
/* End PBXGroup section */

/* Begin PBXNativeTarget section */
		C491F11A200F12FC006F2914 /* NESW */ = {
			isa = PBXNativeTarget;
			buildConfigurationList = C491F143200F12FC006F2914 /* Build configuration list for PBXNativeTarget "NESW" */;
			buildPhases = (
				C491F117200F12FC006F2914 /* Sources */,
				C491F118200F12FC006F2914 /* Frameworks */,
				C491F119200F12FC006F2914 /* Resources */,
			);
			buildRules = (
			);
			dependencies = (
			);
			name = NESW;
			productName = NESW;
			productReference = C491F11B200F12FC006F2914 /* NESW.app */;
			productType = "com.apple.product-type.application";
		};
		C491F12E200F12FC006F2914 /* NESWTests */ = {
			isa = PBXNativeTarget;
			buildConfigurationList = C491F146200F12FC006F2914 /* Build configuration list for PBXNativeTarget "NESWTests" */;
			buildPhases = (
				C491F12B200F12FC006F2914 /* Sources */,
				C491F12C200F12FC006F2914 /* Frameworks */,
				C491F12D200F12FC006F2914 /* Resources */,
			);
			buildRules = (
			);
			dependencies = (
				C491F131200F12FC006F2914 /* PBXTargetDependency */,
			);
			name = NESWTests;
			productName = NESWTests;
			productReference = C491F12F200F12FC006F2914 /* NESWTests.xctest */;
			productType = "com.apple.product-type.bundle.unit-test";
		};
		C491F139200F12FC006F2914 /* NESWUITests */ = {
			isa = PBXNativeTarget;
			buildConfigurationList = C491F149200F12FC006F2914 /* Build configuration list for PBXNativeTarget "NESWUITests" */;
			buildPhases = (
				C491F136200F12FC006F2914 /* Sources */,
				C491F137200F12FC006F2914 /* Frameworks */,
				C491F138200F12FC006F2914 /* Resources */,
			);
			buildRules = (
			);
			dependencies = (
				C491F13C200F12FC006F2914 /* PBXTargetDependency */,
			);
			name = NESWUITests;
			productName = NESWUITests;
			productReference = C491F13A200F12FC006F2914 /* NESWUITests.xctest */;
			productType = "com.apple.product-type.bundle.ui-testing";
		};
/* End PBXNativeTarget section */

/* Begin PBXProject section */
		C491F113200F12FC006F2914 /* Project object */ = {
			isa = PBXProject;
			attributes = {
				LastSwiftUpdateCheck = 0920;
				LastUpgradeCheck = 0920;
				ORGANIZATIONNAME = Ben;
				TargetAttributes = {
					C491F11A200F12FC006F2914 = {
						CreatedOnToolsVersion = 9.2;
						ProvisioningStyle = Automatic;
					};
					C491F12E200F12FC006F2914 = {
						CreatedOnToolsVersion = 9.2;
						ProvisioningStyle = Automatic;
						TestTargetID = C491F11A200F12FC006F2914;
					};
					C491F139200F12FC006F2914 = {
						CreatedOnToolsVersion = 9.2;
						ProvisioningStyle = Automatic;
						TestTargetID = C491F11A200F12FC006F2914;
					};
				};
			};
			buildConfigurationList = C491F116200F12FC006F2914 /* Build configuration list for PBXProject "NESW" */;
			compatibilityVersion = "Xcode 8.0";
			developmentRegion = en;
			hasScannedForEncodings = 0;
			knownRegions = (
				en,
				Base,
			);
			mainGroup = C491F112200F12FC006F2914;
			productRefGroup = C491F11C200F12FC006F2914 /* Products */;
			projectDirPath = "";
			projectRoot = "";
			targets = (
				C491F11A200F12FC006F2914 /* NESW */,
				C491F12E200F12FC006F2914 /* NESWTests */,
				C491F139200F12FC006F2914 /* NESWUITests */,
			);
		};
/* End PBXProject section */

/* Begin PBXResourcesBuildPhase section */
		C491F119200F12FC006F2914 /* Resources */ = {
			isa = PBXResourcesBuildPhase;
			buildActionMask = 2147483647;
			files = (
				C491F129200F12FC006F2914 /* LaunchScreen.storyboard in Resources */,
				C491F126200F12FC006F2914 /* Assets.xcassets in Resources */,
				C491F124200F12FC006F2914 /* Main.storyboard in Resources */,
			);
			runOnlyForDeploymentPostprocessing = 0;
		};
		C491F12D200F12FC006F2914 /* Resources */ = {
			isa = PBXResourcesBuildPhase;
			buildActionMask = 2147483647;
			files = (
			);
			runOnlyForDeploymentPostprocessing = 0;
		};
		C491F138200F12FC006F2914 /* Resources */ = {
			isa = PBXResourcesBuildPhase;
			buildActionMask = 2147483647;
			files = (
			);
			runOnlyForDeploymentPostprocessing = 0;
		};
/* End PBXResourcesBuildPhase section */

/* Begin PBXSourcesBuildPhase section */
		C491F117200F12FC006F2914 /* Sources */ = {
			isa = PBXSourcesBuildPhase;
			buildActionMask = 2147483647;
			files = (
				C491F121200F12FC006F2914 /* ViewController.swift in Sources */,
				C491F11F200F12FC006F2914 /* AppDelegate.swift in Sources */,
			);
			runOnlyForDeploymentPostprocessing = 0;
		};
		C491F12B200F12FC006F2914 /* Sources */ = {
			isa = PBXSourcesBuildPhase;
			buildActionMask = 2147483647;
			files = (
				C491F134200F12FC006F2914 /* NESWTests.swift in Sources */,
			);
			runOnlyForDeploymentPostprocessing = 0;
		};
		C491F136200F12FC006F2914 /* Sources */ = {
			isa = PBXSourcesBuildPhase;
			buildActionMask = 2147483647;
			files = (
				C491F13F200F12FC006F2914 /* NESWUITests.swift in Sources */,
			);
			runOnlyForDeploymentPostprocessing = 0;
		};
/* End PBXSourcesBuildPhase section */

/* Begin PBXTargetDependency section */
		C491F131200F12FC006F2914 /* PBXTargetDependency */ = {
			isa = PBXTargetDependency;
			target = C491F11A200F12FC006F2914 /* NESW */;
			targetProxy = C491F130200F12FC006F2914 /* PBXContainerItemProxy */;
		};
		C491F13C200F12FC006F2914 /* PBXTargetDependency */ = {
			isa = PBXTargetDependency;
			target = C491F11A200F12FC006F2914 /* NESW */;
			targetProxy = C491F13B200F12FC006F2914 /* PBXContainerItemProxy */;
		};
/* End PBXTargetDependency section */

/* Begin PBXVariantGroup section */
		C491F122200F12FC006F2914 /* Main.storyboard */ = {
			isa = PBXVariantGroup;
			children = (
				C491F123200F12FC006F2914 /* Base */,
			);
			name = Main.storyboard;
			sourceTree = "<group>";
		};
		C491F127200F12FC006F2914 /* LaunchScreen.storyboard */ = {
			isa = PBXVariantGroup;
			children = (
				C491F128200F12FC006F2914 /* Base */,
			);
			name = LaunchScreen.storyboard;
			sourceTree = "<group>";
		};
/* End PBXVariantGroup section */

/* Begin XCBuildConfiguration section */
		C491F141200F12FC006F2914 /* Debug */ = {
			isa = XCBuildConfiguration;
			buildSettings = {
				ALWAYS_SEARCH_USER_PATHS = NO;
				CLANG_ANALYZER_NONNULL = YES;
				CLANG_ANALYZER_NUMBER_OBJECT_CONVERSION = YES_AGGRESSIVE;
				CLANG_CXX_LANGUAGE_STANDARD = "gnu++14";
				CLANG_CXX_LIBRARY = "libc++";
				CLANG_ENABLE_MODULES = YES;
				CLANG_ENABLE_OBJC_ARC = YES;
				CLANG_WARN_BLOCK_CAPTURE_AUTORELEASING = YES;
				CLANG_WARN_BOOL_CONVERSION = YES;
				CLANG_WARN_COMMA = YES;
				CLANG_WARN_CONSTANT_CONVERSION = YES;
				CLANG_WARN_DIRECT_OBJC_ISA_USAGE = YES_ERROR;
				CLANG_WARN_DOCUMENTATION_COMMENTS = YES;
				CLANG_WARN_EMPTY_BODY = YES;
				CLANG_WARN_ENUM_CONVERSION = YES;
				CLANG_WARN_INFINITE_RECURSION = YES;
				CLANG_WARN_INT_CONVERSION = YES;
				CLANG_WARN_NON_LITERAL_NULL_CONVERSION = YES;
				CLANG_WARN_OBJC_LITERAL_CONVERSION = YES;
				CLANG_WARN_OBJC_ROOT_CLASS = YES_ERROR;
				CLANG_WARN_RANGE_LOOP_ANALYSIS = YES;
				CLANG_WARN_STRICT_PROTOTYPES = YES;
				CLANG_WARN_SUSPICIOUS_MOVE = YES;
				CLANG_WARN_UNGUARDED_AVAILABILITY = YES_AGGRESSIVE;
				CLANG_WARN_UNREACHABLE_CODE = YES;
				CLANG_WARN__DUPLICATE_METHOD_MATCH = YES;
				CODE_SIGN_IDENTITY = "iPhone Developer";
				COPY_PHASE_STRIP = NO;
				DEBUG_INFORMATION_FORMAT = dwarf;
				ENABLE_STRICT_OBJC_MSGSEND = YES;
				ENABLE_TESTABILITY = YES;
				GCC_C_LANGUAGE_STANDARD = gnu11;
				GCC_DYNAMIC_NO_PIC = NO;
				GCC_NO_COMMON_BLOCKS = YES;
				GCC_OPTIMIZATION_LEVEL = 0;
				GCC_PREPROCESSOR_DEFINITIONS = (
					"DEBUG=1",
					"$(inherited)",
				);
				GCC_WARN_64_TO_32_BIT_CONVERSION = YES;
				GCC_WARN_ABOUT_RETURN_TYPE = YES_ERROR;
				GCC_WARN_UNDECLARED_SELECTOR = YES;
				GCC_WARN_UNINITIALIZED_AUTOS = YES_AGGRESSIVE;
				GCC_WARN_UNUSED_FUNCTION = YES;
				GCC_WARN_UNUSED_VARIABLE = YES;
				IPHONEOS_DEPLOYMENT_TARGET = 11.2;
				MTL_ENABLE_DEBUG_INFO = YES;
				ONLY_ACTIVE_ARCH = YES;
				SDKROOT = iphoneos;
				SWIFT_ACTIVE_COMPILATION_CONDITIONS = DEBUG;
				SWIFT_OPTIMIZATION_LEVEL = "-Onone";
			};
			name = Debug;
		};
		C491F142200F12FC006F2914 /* Release */ = {
			isa = XCBuildConfiguration;
			buildSettings = {
				ALWAYS_SEARCH_USER_PATHS = NO;
				CLANG_ANALYZER_NONNULL = YES;
				CLANG_ANALYZER_NUMBER_OBJECT_CONVERSION = YES_AGGRESSIVE;
				CLANG_CXX_LANGUAGE_STANDARD = "gnu++14";
				CLANG_CXX_LIBRARY = "libc++";
				CLANG_ENABLE_MODULES = YES;
				CLANG_ENABLE_OBJC_ARC = YES;
				CLANG_WARN_BLOCK_CAPTURE_AUTORELEASING = YES;
				CLANG_WARN_BOOL_CONVERSION = YES;
				CLANG_WARN_COMMA = YES;
				CLANG_WARN_CONSTANT_CONVERSION = YES;
				CLANG_WARN_DIRECT_OBJC_ISA_USAGE = YES_ERROR;
				CLANG_WARN_DOCUMENTATION_COMMENTS = YES;
				CLANG_WARN_EMPTY_BODY = YES;
				CLANG_WARN_ENUM_CONVERSION = YES;
				CLANG_WARN_INFINITE_RECURSION = YES;
				CLANG_WARN_INT_CONVERSION = YES;
				CLANG_WARN_NON_LITERAL_NULL_CONVERSION = YES;
				CLANG_WARN_OBJC_LITERAL_CONVERSION = YES;
				CLANG_WARN_OBJC_ROOT_CLASS = YES_ERROR;
				CLANG_WARN_RANGE_LOOP_ANALYSIS = YES;
				CLANG_WARN_STRICT_PROTOTYPES = YES;
				CLANG_WARN_SUSPICIOUS_MOVE = YES;
				CLANG_WARN_UNGUARDED_AVAILABILITY = YES_AGGRESSIVE;
				CLANG_WARN_UNREACHABLE_CODE = YES;
				CLANG_WARN__DUPLICATE_METHOD_MATCH = YES;
				CODE_SIGN_IDENTITY = "iPhone Developer";
				COPY_PHASE_STRIP = NO;
				DEBUG_INFORMATION_FORMAT = "dwarf-with-dsym";
				ENABLE_NS_ASSERTIONS = NO;
				ENABLE_STRICT_OBJC_MSGSEND = YES;
				GCC_C_LANGUAGE_STANDARD = gnu11;
				GCC_NO_COMMON_BLOCKS = YES;
				GCC_WARN_64_TO_32_BIT_CONVERSION = YES;
				GCC_WARN_ABOUT_RETURN_TYPE = YES_ERROR;
				GCC_WARN_UNDECLARED_SELECTOR = YES;
				GCC_WARN_UNINITIALIZED_AUTOS = YES_AGGRESSIVE;
				GCC_WARN_UNUSED_FUNCTION = YES;
				GCC_WARN_UNUSED_VARIABLE = YES;
				IPHONEOS_DEPLOYMENT_TARGET = 11.2;
				MTL_ENABLE_DEBUG_INFO = NO;
				SDKROOT = iphoneos;
				SWIFT_OPTIMIZATION_LEVEL = "-Owholemodule";
				VALIDATE_PRODUCT = YES;
			};
			name = Release;
		};
		C491F144200F12FC006F2914 /* Debug */ = {
			isa = XCBuildConfiguration;
			buildSettings = {
				ASSETCATALOG_COMPILER_APPICON_NAME = AppIcon;
				CODE_SIGN_STYLE = Automatic;
				DEVELOPMENT_TEAM = UZDLCQ3DP9;
				INFOPLIST_FILE = NESW/Info.plist;
				LD_RUNPATH_SEARCH_PATHS = "$(inherited) @executable_path/Frameworks";
				PRODUCT_BUNDLE_IDENTIFIER = PotatoBrother.NESW;
				PRODUCT_NAME = "$(TARGET_NAME)";
				SWIFT_VERSION = 4.0;
				TARGETED_DEVICE_FAMILY = "1,2";
			};
			name = Debug;
		};
		C491F145200F12FC006F2914 /* Release */ = {
			isa = XCBuildConfiguration;
			buildSettings = {
				ASSETCATALOG_COMPILER_APPICON_NAME = AppIcon;
				CODE_SIGN_STYLE = Automatic;
				DEVELOPMENT_TEAM = UZDLCQ3DP9;
				INFOPLIST_FILE = NESW/Info.plist;
				LD_RUNPATH_SEARCH_PATHS = "$(inherited) @executable_path/Frameworks";
				PRODUCT_BUNDLE_IDENTIFIER = PotatoBrother.NESW;
				PRODUCT_NAME = "$(TARGET_NAME)";
				SWIFT_VERSION = 4.0;
				TARGETED_DEVICE_FAMILY = "1,2";
			};
			name = Release;
		};
		C491F147200F12FC006F2914 /* Debug */ = {
			isa = XCBuildConfiguration;
			buildSettings = {
				ALWAYS_EMBED_SWIFT_STANDARD_LIBRARIES = YES;
				BUNDLE_LOADER = "$(TEST_HOST)";
				CODE_SIGN_STYLE = Automatic;
				DEVELOPMENT_TEAM = UZDLCQ3DP9;
				INFOPLIST_FILE = NESWTests/Info.plist;
				LD_RUNPATH_SEARCH_PATHS = "$(inherited) @executable_path/Frameworks @loader_path/Frameworks";
				PRODUCT_BUNDLE_IDENTIFIER = PotatoBrother.NESWTests;
				PRODUCT_NAME = "$(TARGET_NAME)";
				SWIFT_VERSION = 4.0;
				TARGETED_DEVICE_FAMILY = "1,2";
				TEST_HOST = "$(BUILT_PRODUCTS_DIR)/NESW.app/NESW";
			};
			name = Debug;
		};
		C491F148200F12FC006F2914 /* Release */ = {
			isa = XCBuildConfiguration;
			buildSettings = {
				ALWAYS_EMBED_SWIFT_STANDARD_LIBRARIES = YES;
				BUNDLE_LOADER = "$(TEST_HOST)";
				CODE_SIGN_STYLE = Automatic;
				DEVELOPMENT_TEAM = UZDLCQ3DP9;
				INFOPLIST_FILE = NESWTests/Info.plist;
				LD_RUNPATH_SEARCH_PATHS = "$(inherited) @executable_path/Frameworks @loader_path/Frameworks";
				PRODUCT_BUNDLE_IDENTIFIER = PotatoBrother.NESWTests;
				PRODUCT_NAME = "$(TARGET_NAME)";
				SWIFT_VERSION = 4.0;
				TARGETED_DEVICE_FAMILY = "1,2";
				TEST_HOST = "$(BUILT_PRODUCTS_DIR)/NESW.app/NESW";
			};
			name = Release;
		};
		C491F14A200F12FC006F2914 /* Debug */ = {
			isa = XCBuildConfiguration;
			buildSettings = {
				ALWAYS_EMBED_SWIFT_STANDARD_LIBRARIES = YES;
				CODE_SIGN_STYLE = Automatic;
				DEVELOPMENT_TEAM = UZDLCQ3DP9;
				INFOPLIST_FILE = NESWUITests/Info.plist;
				LD_RUNPATH_SEARCH_PATHS = "$(inherited) @executable_path/Frameworks @loader_path/Frameworks";
				PRODUCT_BUNDLE_IDENTIFIER = PotatoBrother.NESWUITests;
				PRODUCT_NAME = "$(TARGET_NAME)";
				SWIFT_VERSION = 4.0;
				TARGETED_DEVICE_FAMILY = "1,2";
				TEST_TARGET_NAME = NESW;
			};
			name = Debug;
		};
		C491F14B200F12FC006F2914 /* Release */ = {
			isa = XCBuildConfiguration;
			buildSettings = {
				ALWAYS_EMBED_SWIFT_STANDARD_LIBRARIES = YES;
				CODE_SIGN_STYLE = Automatic;
				DEVELOPMENT_TEAM = UZDLCQ3DP9;
				INFOPLIST_FILE = NESWUITests/Info.plist;
				LD_RUNPATH_SEARCH_PATHS = "$(inherited) @executable_path/Frameworks @loader_path/Frameworks";
				PRODUCT_BUNDLE_IDENTIFIER = PotatoBrother.NESWUITests;
				PRODUCT_NAME = "$(TARGET_NAME)";
				SWIFT_VERSION = 4.0;
				TARGETED_DEVICE_FAMILY = "1,2";
				TEST_TARGET_NAME = NESW;
			};
			name = Release;
		};
/* End XCBuildConfiguration section */

/* Begin XCConfigurationList section */
		C491F116200F12FC006F2914 /* Build configuration list for PBXProject "NESW" */ = {
			isa = XCConfigurationList;
			buildConfigurations = (
				C491F141200F12FC006F2914 /* Debug */,
				C491F142200F12FC006F2914 /* Release */,
			);
			defaultConfigurationIsVisible = 0;
			defaultConfigurationName = Release;
		};
		C491F143200F12FC006F2914 /* Build configuration list for PBXNativeTarget "NESW" */ = {
			isa = XCConfigurationList;
			buildConfigurations = (
				C491F144200F12FC006F2914 /* Debug */,
				C491F145200F12FC006F2914 /* Release */,
			);
			defaultConfigurationIsVisible = 0;
			defaultConfigurationName = Release;
		};
		C491F146200F12FC006F2914 /* Build configuration list for PBXNativeTarget "NESWTests" */ = {
			isa = XCConfigurationList;
			buildConfigurations = (
				C491F147200F12FC006F2914 /* Debug */,
				C491F148200F12FC006F2914 /* Release */,
			);
			defaultConfigurationIsVisible = 0;
			defaultConfigurationName = Release;
		};
		C491F149200F12FC006F2914 /* Build configuration list for PBXNativeTarget "NESWUITests" */ = {
			isa = XCConfigurationList;
			buildConfigurations = (
				C491F14A200F12FC006F2914 /* Debug */,
				C491F14B200F12FC006F2914 /* Release */,
			);
			defaultConfigurationIsVisible = 0;
			defaultConfigurationName = Release;
		};
/* End XCConfigurationList section */
	};
	rootObject = C491F113200F12FC006F2914 /* Project object */;
}
